// !$*UTF8*$!
{
	archiveVersion = 1;
	classes = {
	};
	objectVersion = 55;
	objects = {

/* Begin PBXBuildFile section */
		621DEC7B288A3CDF00167C38 /* CatPicApp.swift in Sources */ = {isa = PBXBuildFile; fileRef = 621DEC7A288A3CDF00167C38 /* CatPicApp.swift */; };
		621DEC7D288A3CDF00167C38 /* ContentView.swift in Sources */ = {isa = PBXBuildFile; fileRef = 621DEC7C288A3CDF00167C38 /* ContentView.swift */; };
		621DEC7F288A3CE000167C38 /* Assets.xcassets in Resources */ = {isa = PBXBuildFile; fileRef = 621DEC7E288A3CE000167C38 /* Assets.xcassets */; };
		621DEC82288A3CE000167C38 /* Preview Assets.xcassets in Resources */ = {isa = PBXBuildFile; fileRef = 621DEC81288A3CE000167C38 /* Preview Assets.xcassets */; };
		621DEC8C288A3CE000167C38 /* CatPicTests.swift in Sources */ = {isa = PBXBuildFile; fileRef = 621DEC8B288A3CE000167C38 /* CatPicTests.swift */; };
		621DEC96288A3CE000167C38 /* CatPicUITests.swift in Sources */ = {isa = PBXBuildFile; fileRef = 621DEC95288A3CE000167C38 /* CatPicUITests.swift */; };
		621DEC98288A3CE000167C38 /* CatPicUITestsLaunchTests.swift in Sources */ = {isa = PBXBuildFile; fileRef = 621DEC97288A3CE000167C38 /* CatPicUITestsLaunchTests.swift */; };
		621DECA6288A413E00167C38 /* Lottie in Frameworks */ = {isa = PBXBuildFile; productRef = 621DECA5288A413E00167C38 /* Lottie */; };
		621DECA8288A434700167C38 /* SplashView.swift in Sources */ = {isa = PBXBuildFile; fileRef = 621DECA7288A434700167C38 /* SplashView.swift */; };
		621DECAC288A45DD00167C38 /* LottieView.swift in Sources */ = {isa = PBXBuildFile; fileRef = 621DECAB288A45DD00167C38 /* LottieView.swift */; };
		6268D00F289A3BE1001FD1F3 /* CatList.swift in Sources */ = {isa = PBXBuildFile; fileRef = 6268D00E289A3BE1001FD1F3 /* CatList.swift */; };
		6268D011289A3BFC001FD1F3 /* CatRow.swift in Sources */ = {isa = PBXBuildFile; fileRef = 6268D010289A3BFC001FD1F3 /* CatRow.swift */; };
		6268D013289A3C1F001FD1F3 /* Cat.swift in Sources */ = {isa = PBXBuildFile; fileRef = 6268D012289A3C1F001FD1F3 /* Cat.swift */; };
		6268D015289A3C51001FD1F3 /* CatModelData.swift in Sources */ = {isa = PBXBuildFile; fileRef = 6268D014289A3C51001FD1F3 /* CatModelData.swift */; };
		6268D017289A3C65001FD1F3 /* Constants.swift in Sources */ = {isa = PBXBuildFile; fileRef = 6268D016289A3C65001FD1F3 /* Constants.swift */; };
		6268D019289A3C7D001FD1F3 /* CatProfile.swift in Sources */ = {isa = PBXBuildFile; fileRef = 6268D018289A3C7D001FD1F3 /* CatProfile.swift */; };
		6268D01D289A3D71001FD1F3 /* Weight.swift in Sources */ = {isa = PBXBuildFile; fileRef = 6268D01C289A3D71001FD1F3 /* Weight.swift */; };
		6268D021289A69E2001FD1F3 /* Image.swift in Sources */ = {isa = PBXBuildFile; fileRef = 6268D020289A69E2001FD1F3 /* Image.swift */; };
/* End PBXBuildFile section */

/* Begin PBXContainerItemProxy section */
		621DEC88288A3CE000167C38 /* PBXContainerItemProxy */ = {
			isa = PBXContainerItemProxy;
			containerPortal = 621DEC6F288A3CDF00167C38 /* Project object */;
			proxyType = 1;
			remoteGlobalIDString = 621DEC76288A3CDF00167C38;
			remoteInfo = CatPic;
		};
		621DEC92288A3CE000167C38 /* PBXContainerItemProxy */ = {
			isa = PBXContainerItemProxy;
			containerPortal = 621DEC6F288A3CDF00167C38 /* Project object */;
			proxyType = 1;
			remoteGlobalIDString = 621DEC76288A3CDF00167C38;
			remoteInfo = CatPic;
		};
/* End PBXContainerItemProxy section */

/* Begin PBXFileReference section */
		621DEC77288A3CDF00167C38 /* CatPic.app */ = {isa = PBXFileReference; explicitFileType = wrapper.application; includeInIndex = 0; path = CatPic.app; sourceTree = BUILT_PRODUCTS_DIR; };
		621DEC7A288A3CDF00167C38 /* CatPicApp.swift */ = {isa = PBXFileReference; lastKnownFileType = sourcecode.swift; path = CatPicApp.swift; sourceTree = "<group>"; };
		621DEC7C288A3CDF00167C38 /* ContentView.swift */ = {isa = PBXFileReference; lastKnownFileType = sourcecode.swift; path = ContentView.swift; sourceTree = "<group>"; };
		621DEC7E288A3CE000167C38 /* Assets.xcassets */ = {isa = PBXFileReference; lastKnownFileType = folder.assetcatalog; path = Assets.xcassets; sourceTree = "<group>"; };
		621DEC81288A3CE000167C38 /* Preview Assets.xcassets */ = {isa = PBXFileReference; lastKnownFileType = folder.assetcatalog; path = "Preview Assets.xcassets"; sourceTree = "<group>"; };
		621DEC87288A3CE000167C38 /* CatPicTests.xctest */ = {isa = PBXFileReference; explicitFileType = wrapper.cfbundle; includeInIndex = 0; path = CatPicTests.xctest; sourceTree = BUILT_PRODUCTS_DIR; };
		621DEC8B288A3CE000167C38 /* CatPicTests.swift */ = {isa = PBXFileReference; lastKnownFileType = sourcecode.swift; path = CatPicTests.swift; sourceTree = "<group>"; };
		621DEC91288A3CE000167C38 /* CatPicUITests.xctest */ = {isa = PBXFileReference; explicitFileType = wrapper.cfbundle; includeInIndex = 0; path = CatPicUITests.xctest; sourceTree = BUILT_PRODUCTS_DIR; };
		621DEC95288A3CE000167C38 /* CatPicUITests.swift */ = {isa = PBXFileReference; lastKnownFileType = sourcecode.swift; path = CatPicUITests.swift; sourceTree = "<group>"; };
		621DEC97288A3CE000167C38 /* CatPicUITestsLaunchTests.swift */ = {isa = PBXFileReference; lastKnownFileType = sourcecode.swift; path = CatPicUITestsLaunchTests.swift; sourceTree = "<group>"; };
		621DECA7288A434700167C38 /* SplashView.swift */ = {isa = PBXFileReference; lastKnownFileType = sourcecode.swift; path = SplashView.swift; sourceTree = "<group>"; };
		621DECAB288A45DD00167C38 /* LottieView.swift */ = {isa = PBXFileReference; lastKnownFileType = sourcecode.swift; path = LottieView.swift; sourceTree = "<group>"; };
		6268D00E289A3BE1001FD1F3 /* CatList.swift */ = {isa = PBXFileReference; lastKnownFileType = sourcecode.swift; path = CatList.swift; sourceTree = "<group>"; };
		6268D010289A3BFC001FD1F3 /* CatRow.swift */ = {isa = PBXFileReference; lastKnownFileType = sourcecode.swift; path = CatRow.swift; sourceTree = "<group>"; };
		6268D012289A3C1F001FD1F3 /* Cat.swift */ = {isa = PBXFileReference; lastKnownFileType = sourcecode.swift; path = Cat.swift; sourceTree = "<group>"; };
		6268D014289A3C51001FD1F3 /* CatModelData.swift */ = {isa = PBXFileReference; lastKnownFileType = sourcecode.swift; path = CatModelData.swift; sourceTree = "<group>"; };
		6268D016289A3C65001FD1F3 /* Constants.swift */ = {isa = PBXFileReference; lastKnownFileType = sourcecode.swift; path = Constants.swift; sourceTree = "<group>"; };
		6268D018289A3C7D001FD1F3 /* CatProfile.swift */ = {isa = PBXFileReference; lastKnownFileType = sourcecode.swift; path = CatProfile.swift; sourceTree = "<group>"; };
		6268D01C289A3D71001FD1F3 /* Weight.swift */ = {isa = PBXFileReference; lastKnownFileType = sourcecode.swift; path = Weight.swift; sourceTree = "<group>"; };
		6268D020289A69E2001FD1F3 /* Image.swift */ = {isa = PBXFileReference; lastKnownFileType = sourcecode.swift; path = Image.swift; sourceTree = "<group>"; };
/* End PBXFileReference section */

/* Begin PBXFrameworksBuildPhase section */
		621DEC74288A3CDF00167C38 /* Frameworks */ = {
			isa = PBXFrameworksBuildPhase;
			buildActionMask = 2147483647;
			files = (
				621DECA6288A413E00167C38 /* Lottie in Frameworks */,
			);
			runOnlyForDeploymentPostprocessing = 0;
		};
		621DEC84288A3CE000167C38 /* Frameworks */ = {
			isa = PBXFrameworksBuildPhase;
			buildActionMask = 2147483647;
			files = (
			);
			runOnlyForDeploymentPostprocessing = 0;
		};
		621DEC8E288A3CE000167C38 /* Frameworks */ = {
			isa = PBXFrameworksBuildPhase;
			buildActionMask = 2147483647;
			files = (
			);
			runOnlyForDeploymentPostprocessing = 0;
		};
/* End PBXFrameworksBuildPhase section */

/* Begin PBXGroup section */
		621DEC6E288A3CDF00167C38 = {
			isa = PBXGroup;
			children = (
				621DEC79288A3CDF00167C38 /* CatPic */,
				621DEC8A288A3CE000167C38 /* CatPicTests */,
				621DEC94288A3CE000167C38 /* CatPicUITests */,
				621DEC78288A3CDF00167C38 /* Products */,
			);
			sourceTree = "<group>";
		};
		621DEC78288A3CDF00167C38 /* Products */ = {
			isa = PBXGroup;
			children = (
				621DEC77288A3CDF00167C38 /* CatPic.app */,
				621DEC87288A3CE000167C38 /* CatPicTests.xctest */,
				621DEC91288A3CE000167C38 /* CatPicUITests.xctest */,
			);
			name = Products;
			sourceTree = "<group>";
		};
		621DEC79288A3CDF00167C38 /* CatPic */ = {
			isa = PBXGroup;
			children = (
				621DEC80288A3CE000167C38 /* Preview Content */,
				6268D01E289A5C45001FD1F3 /* Model */,
				6268D01F289A5C5A001FD1F3 /* View */,
				621DEC7E288A3CE000167C38 /* Assets.xcassets */,
				621DEC7A288A3CDF00167C38 /* CatPicApp.swift */,
			);
			path = CatPic;
			sourceTree = "<group>";
		};
		621DEC80288A3CE000167C38 /* Preview Content */ = {
			isa = PBXGroup;
			children = (
				621DEC81288A3CE000167C38 /* Preview Assets.xcassets */,
			);
			path = "Preview Content";
			sourceTree = "<group>";
		};
		621DEC8A288A3CE000167C38 /* CatPicTests */ = {
			isa = PBXGroup;
			children = (
				621DEC8B288A3CE000167C38 /* CatPicTests.swift */,
			);
			path = CatPicTests;
			sourceTree = "<group>";
		};
		621DEC94288A3CE000167C38 /* CatPicUITests */ = {
			isa = PBXGroup;
			children = (
				621DEC95288A3CE000167C38 /* CatPicUITests.swift */,
				621DEC97288A3CE000167C38 /* CatPicUITestsLaunchTests.swift */,
			);
			path = CatPicUITests;
			sourceTree = "<group>";
		};
		6268D01E289A5C45001FD1F3 /* Model */ = {
			isa = PBXGroup;
			children = (
				6268D01C289A3D71001FD1F3 /* Weight.swift */,
				6268D012289A3C1F001FD1F3 /* Cat.swift */,
				6268D014289A3C51001FD1F3 /* CatModelData.swift */,
				6268D016289A3C65001FD1F3 /* Constants.swift */,
				6268D020289A69E2001FD1F3 /* Image.swift */,
			);
			path = Model;
			sourceTree = "<group>";
		};
		6268D01F289A5C5A001FD1F3 /* View */ = {
			isa = PBXGroup;
			children = (
				6268D018289A3C7D001FD1F3 /* CatProfile.swift */,
				621DEC7C288A3CDF00167C38 /* ContentView.swift */,
				621DECA7288A434700167C38 /* SplashView.swift */,
				621DECAB288A45DD00167C38 /* LottieView.swift */,
				6268D00E289A3BE1001FD1F3 /* CatList.swift */,
				6268D010289A3BFC001FD1F3 /* CatRow.swift */,
			);
			path = View;
			sourceTree = "<group>";
		};
/* End PBXGroup section */

/* Begin PBXNativeTarget section */
		621DEC76288A3CDF00167C38 /* CatPic */ = {
			isa = PBXNativeTarget;
			buildConfigurationList = 621DEC9B288A3CE000167C38 /* Build configuration list for PBXNativeTarget "CatPic" */;
			buildPhases = (
				621DEC73288A3CDF00167C38 /* Sources */,
				621DEC74288A3CDF00167C38 /* Frameworks */,
				621DEC75288A3CDF00167C38 /* Resources */,
			);
			buildRules = (
			);
			dependencies = (
			);
			name = CatPic;
			packageProductDependencies = (
				621DECA5288A413E00167C38 /* Lottie */,
			);
			productName = CatPic;
			productReference = 621DEC77288A3CDF00167C38 /* CatPic.app */;
			productType = "com.apple.product-type.application";
		};
		621DEC86288A3CE000167C38 /* CatPicTests */ = {
			isa = PBXNativeTarget;
			buildConfigurationList = 621DEC9E288A3CE000167C38 /* Build configuration list for PBXNativeTarget "CatPicTests" */;
			buildPhases = (
				621DEC83288A3CE000167C38 /* Sources */,
				621DEC84288A3CE000167C38 /* Frameworks */,
				621DEC85288A3CE000167C38 /* Resources */,
			);
			buildRules = (
			);
			dependencies = (
				621DEC89288A3CE000167C38 /* PBXTargetDependency */,
			);
			name = CatPicTests;
			productName = CatPicTests;
			productReference = 621DEC87288A3CE000167C38 /* CatPicTests.xctest */;
			productType = "com.apple.product-type.bundle.unit-test";
		};
		621DEC90288A3CE000167C38 /* CatPicUITests */ = {
			isa = PBXNativeTarget;
			buildConfigurationList = 621DECA1288A3CE000167C38 /* Build configuration list for PBXNativeTarget "CatPicUITests" */;
			buildPhases = (
				621DEC8D288A3CE000167C38 /* Sources */,
				621DEC8E288A3CE000167C38 /* Frameworks */,
				621DEC8F288A3CE000167C38 /* Resources */,
			);
			buildRules = (
			);
			dependencies = (
				621DEC93288A3CE000167C38 /* PBXTargetDependency */,
			);
			name = CatPicUITests;
			productName = CatPicUITests;
			productReference = 621DEC91288A3CE000167C38 /* CatPicUITests.xctest */;
			productType = "com.apple.product-type.bundle.ui-testing";
		};
/* End PBXNativeTarget section */

/* Begin PBXProject section */
		621DEC6F288A3CDF00167C38 /* Project object */ = {
			isa = PBXProject;
			attributes = {
				BuildIndependentTargetsInParallel = 1;
				LastSwiftUpdateCheck = 1310;
				LastUpgradeCheck = 1310;
				TargetAttributes = {
					621DEC76288A3CDF00167C38 = {
						CreatedOnToolsVersion = 13.1;
					};
					621DEC86288A3CE000167C38 = {
						CreatedOnToolsVersion = 13.1;
						TestTargetID = 621DEC76288A3CDF00167C38;
					};
					621DEC90288A3CE000167C38 = {
						CreatedOnToolsVersion = 13.1;
						TestTargetID = 621DEC76288A3CDF00167C38;
					};
				};
			};
			buildConfigurationList = 621DEC72288A3CDF00167C38 /* Build configuration list for PBXProject "CatPic" */;
			compatibilityVersion = "Xcode 13.0";
			developmentRegion = en;
			hasScannedForEncodings = 0;
			knownRegions = (
				en,
				Base,
			);
			mainGroup = 621DEC6E288A3CDF00167C38;
			packageReferences = (
				621DECA4288A413E00167C38 /* XCRemoteSwiftPackageReference "lottie-ios" */,
			);
			productRefGroup = 621DEC78288A3CDF00167C38 /* Products */;
			projectDirPath = "";
			projectRoot = "";
			targets = (
				621DEC76288A3CDF00167C38 /* CatPic */,
				621DEC86288A3CE000167C38 /* CatPicTests */,
				621DEC90288A3CE000167C38 /* CatPicUITests */,
			);
		};
/* End PBXProject section */

/* Begin PBXResourcesBuildPhase section */
		621DEC75288A3CDF00167C38 /* Resources */ = {
			isa = PBXResourcesBuildPhase;
			buildActionMask = 2147483647;
			files = (
				621DEC82288A3CE000167C38 /* Preview Assets.xcassets in Resources */,
				621DEC7F288A3CE000167C38 /* Assets.xcassets in Resources */,
			);
			runOnlyForDeploymentPostprocessing = 0;
		};
		621DEC85288A3CE000167C38 /* Resources */ = {
			isa = PBXResourcesBuildPhase;
			buildActionMask = 2147483647;
			files = (
			);
			runOnlyForDeploymentPostprocessing = 0;
		};
		621DEC8F288A3CE000167C38 /* Resources */ = {
			isa = PBXResourcesBuildPhase;
			buildActionMask = 2147483647;
			files = (
			);
			runOnlyForDeploymentPostprocessing = 0;
		};
/* End PBXResourcesBuildPhase section */

/* Begin PBXSourcesBuildPhase section */
		621DEC73288A3CDF00167C38 /* Sources */ = {
			isa = PBXSourcesBuildPhase;
			buildActionMask = 2147483647;
			files = (
				621DEC7D288A3CDF00167C38 /* ContentView.swift in Sources */,
				6268D021289A69E2001FD1F3 /* Image.swift in Sources */,
				6268D011289A3BFC001FD1F3 /* CatRow.swift in Sources */,
				621DECAC288A45DD00167C38 /* LottieView.swift in Sources */,
				621DEC7B288A3CDF00167C38 /* CatPicApp.swift in Sources */,
				6268D019289A3C7D001FD1F3 /* CatProfile.swift in Sources */,
				6268D013289A3C1F001FD1F3 /* Cat.swift in Sources */,
				621DECA8288A434700167C38 /* SplashView.swift in Sources */,
				6268D00F289A3BE1001FD1F3 /* CatList.swift in Sources */,
				6268D017289A3C65001FD1F3 /* Constants.swift in Sources */,
				6268D015289A3C51001FD1F3 /* CatModelData.swift in Sources */,
				6268D01D289A3D71001FD1F3 /* Weight.swift in Sources */,
			);
			runOnlyForDeploymentPostprocessing = 0;
		};
		621DEC83288A3CE000167C38 /* Sources */ = {
			isa = PBXSourcesBuildPhase;
			buildActionMask = 2147483647;
			files = (
				621DEC8C288A3CE000167C38 /* CatPicTests.swift in Sources */,
			);
			runOnlyForDeploymentPostprocessing = 0;
		};
		621DEC8D288A3CE000167C38 /* Sources */ = {
			isa = PBXSourcesBuildPhase;
			buildActionMask = 2147483647;
			files = (
				621DEC98288A3CE000167C38 /* CatPicUITestsLaunchTests.swift in Sources */,
				621DEC96288A3CE000167C38 /* CatPicUITests.swift in Sources */,
			);
			runOnlyForDeploymentPostprocessing = 0;
		};
/* End PBXSourcesBuildPhase section */

/* Begin PBXTargetDependency section */
		621DEC89288A3CE000167C38 /* PBXTargetDependency */ = {
			isa = PBXTargetDependency;
			target = 621DEC76288A3CDF00167C38 /* CatPic */;
			targetProxy = 621DEC88288A3CE000167C38 /* PBXContainerItemProxy */;
		};
		621DEC93288A3CE000167C38 /* PBXTargetDependency */ = {
			isa = PBXTargetDependency;
			target = 621DEC76288A3CDF00167C38 /* CatPic */;
			targetProxy = 621DEC92288A3CE000167C38 /* PBXContainerItemProxy */;
		};
/* End PBXTargetDependency section */

/* Begin XCBuildConfiguration section */
		621DEC99288A3CE000167C38 /* Debug */ = {
			isa = XCBuildConfiguration;
			buildSettings = {
				ALWAYS_SEARCH_USER_PATHS = NO;
				CLANG_ANALYZER_NONNULL = YES;
				CLANG_ANALYZER_NUMBER_OBJECT_CONVERSION = YES_AGGRESSIVE;
				CLANG_CXX_LANGUAGE_STANDARD = "gnu++17";
				CLANG_CXX_LIBRARY = "libc++";
				CLANG_ENABLE_MODULES = YES;
				CLANG_ENABLE_OBJC_ARC = YES;
				CLANG_ENABLE_OBJC_WEAK = YES;
				CLANG_WARN_BLOCK_CAPTURE_AUTORELEASING = YES;
				CLANG_WARN_BOOL_CONVERSION = YES;
				CLANG_WARN_COMMA = YES;
				CLANG_WARN_CONSTANT_CONVERSION = YES;
				CLANG_WARN_DEPRECATED_OBJC_IMPLEMENTATIONS = YES;
				CLANG_WARN_DIRECT_OBJC_ISA_USAGE = YES_ERROR;
				CLANG_WARN_DOCUMENTATION_COMMENTS = YES;
				CLANG_WARN_EMPTY_BODY = YES;
				CLANG_WARN_ENUM_CONVERSION = YES;
				CLANG_WARN_INFINITE_RECURSION = YES;
				CLANG_WARN_INT_CONVERSION = YES;
				CLANG_WARN_NON_LITERAL_NULL_CONVERSION = YES;
				CLANG_WARN_OBJC_IMPLICIT_RETAIN_SELF = YES;
				CLANG_WARN_OBJC_LITERAL_CONVERSION = YES;
				CLANG_WARN_OBJC_ROOT_CLASS = YES_ERROR;
				CLANG_WARN_QUOTED_INCLUDE_IN_FRAMEWORK_HEADER = YES;
				CLANG_WARN_RANGE_LOOP_ANALYSIS = YES;
				CLANG_WARN_STRICT_PROTOTYPES = YES;
				CLANG_WARN_SUSPICIOUS_MOVE = YES;
				CLANG_WARN_UNGUARDED_AVAILABILITY = YES_AGGRESSIVE;
				CLANG_WARN_UNREACHABLE_CODE = YES;
				CLANG_WARN__DUPLICATE_METHOD_MATCH = YES;
				COPY_PHASE_STRIP = NO;
				DEBUG_INFORMATION_FORMAT = dwarf;
				ENABLE_STRICT_OBJC_MSGSEND = YES;
				ENABLE_TESTABILITY = YES;
				GCC_C_LANGUAGE_STANDARD = gnu11;
				GCC_DYNAMIC_NO_PIC = NO;
				GCC_NO_COMMON_BLOCKS = YES;
				GCC_OPTIMIZATION_LEVEL = 0;
				GCC_PREPROCESSOR_DEFINITIONS = (
					"DEBUG=1",
					"$(inherited)",
				);
				GCC_WARN_64_TO_32_BIT_CONVERSION = YES;
				GCC_WARN_ABOUT_RETURN_TYPE = YES_ERROR;
				GCC_WARN_UNDECLARED_SELECTOR = YES;
				GCC_WARN_UNINITIALIZED_AUTOS = YES_AGGRESSIVE;
				GCC_WARN_UNUSED_FUNCTION = YES;
				GCC_WARN_UNUSED_VARIABLE = YES;
				IPHONEOS_DEPLOYMENT_TARGET = 15.0;
				MTL_ENABLE_DEBUG_INFO = INCLUDE_SOURCE;
				MTL_FAST_MATH = YES;
				ONLY_ACTIVE_ARCH = YES;
				SDKROOT = iphoneos;
				SWIFT_ACTIVE_COMPILATION_CONDITIONS = DEBUG;
				SWIFT_OPTIMIZATION_LEVEL = "-Onone";
			};
			name = Debug;
		};
		621DEC9A288A3CE000167C38 /* Release */ = {
			isa = XCBuildConfiguration;
			buildSettings = {
				ALWAYS_SEARCH_USER_PATHS = NO;
				CLANG_ANALYZER_NONNULL = YES;
				CLANG_ANALYZER_NUMBER_OBJECT_CONVERSION = YES_AGGRESSIVE;
				CLANG_CXX_LANGUAGE_STANDARD = "gnu++17";
				CLANG_CXX_LIBRARY = "libc++";
				CLANG_ENABLE_MODULES = YES;
				CLANG_ENABLE_OBJC_ARC = YES;
				CLANG_ENABLE_OBJC_WEAK = YES;
				CLANG_WARN_BLOCK_CAPTURE_AUTORELEASING = YES;
				CLANG_WARN_BOOL_CONVERSION = YES;
				CLANG_WARN_COMMA = YES;
				CLANG_WARN_CONSTANT_CONVERSION = YES;
				CLANG_WARN_DEPRECATED_OBJC_IMPLEMENTATIONS = YES;
				CLANG_WARN_DIRECT_OBJC_ISA_USAGE = YES_ERROR;
				CLANG_WARN_DOCUMENTATION_COMMENTS = YES;
				CLANG_WARN_EMPTY_BODY = YES;
				CLANG_WARN_ENUM_CONVERSION = YES;
				CLANG_WARN_INFINITE_RECURSION = YES;
				CLANG_WARN_INT_CONVERSION = YES;
				CLANG_WARN_NON_LITERAL_NULL_CONVERSION = YES;
				CLANG_WARN_OBJC_IMPLICIT_RETAIN_SELF = YES;
				CLANG_WARN_OBJC_LITERAL_CONVERSION = YES;
				CLANG_WARN_OBJC_ROOT_CLASS = YES_ERROR;
				CLANG_WARN_QUOTED_INCLUDE_IN_FRAMEWORK_HEADER = YES;
				CLANG_WARN_RANGE_LOOP_ANALYSIS = YES;
				CLANG_WARN_STRICT_PROTOTYPES = YES;
				CLANG_WARN_SUSPICIOUS_MOVE = YES;
				CLANG_WARN_UNGUARDED_AVAILABILITY = YES_AGGRESSIVE;
				CLANG_WARN_UNREACHABLE_CODE = YES;
				CLANG_WARN__DUPLICATE_METHOD_MATCH = YES;
				COPY_PHASE_STRIP = NO;
				DEBUG_INFORMATION_FORMAT = "dwarf-with-dsym";
				ENABLE_NS_ASSERTIONS = NO;
				ENABLE_STRICT_OBJC_MSGSEND = YES;
				GCC_C_LANGUAGE_STANDARD = gnu11;
				GCC_NO_COMMON_BLOCKS = YES;
				GCC_WARN_64_TO_32_BIT_CONVERSION = YES;
				GCC_WARN_ABOUT_RETURN_TYPE = YES_ERROR;
				GCC_WARN_UNDECLARED_SELECTOR = YES;
				GCC_WARN_UNINITIALIZED_AUTOS = YES_AGGRESSIVE;
				GCC_WARN_UNUSED_FUNCTION = YES;
				GCC_WARN_UNUSED_VARIABLE = YES;
				IPHONEOS_DEPLOYMENT_TARGET = 15.0;
				MTL_ENABLE_DEBUG_INFO = NO;
				MTL_FAST_MATH = YES;
				SDKROOT = iphoneos;
				SWIFT_COMPILATION_MODE = wholemodule;
				SWIFT_OPTIMIZATION_LEVEL = "-O";
				VALIDATE_PRODUCT = YES;
			};
			name = Release;
		};
		621DEC9C288A3CE000167C38 /* Debug */ = {
			isa = XCBuildConfiguration;
			buildSettings = {
				ASSETCATALOG_COMPILER_APPICON_NAME = AppIcon;
				ASSETCATALOG_COMPILER_GLOBAL_ACCENT_COLOR_NAME = AccentColor;
				CODE_SIGN_STYLE = Automatic;
				CURRENT_PROJECT_VERSION = 1;
				DEVELOPMENT_ASSET_PATHS = "\"CatPic/Preview Content\"";
				ENABLE_PREVIEWS = YES;
				GENERATE_INFOPLIST_FILE = YES;
				INFOPLIST_KEY_UIApplicationSceneManifest_Generation = YES;
				INFOPLIST_KEY_UIApplicationSupportsIndirectInputEvents = YES;
				INFOPLIST_KEY_UILaunchScreen_Generation = YES;
				INFOPLIST_KEY_UISupportedInterfaceOrientations_iPad = "UIInterfaceOrientationPortrait UIInterfaceOrientationPortraitUpsideDown UIInterfaceOrientationLandscapeLeft UIInterfaceOrientationLandscapeRight";
				INFOPLIST_KEY_UISupportedInterfaceOrientations_iPhone = "UIInterfaceOrientationPortrait UIInterfaceOrientationLandscapeLeft UIInterfaceOrientationLandscapeRight";
				LD_RUNPATH_SEARCH_PATHS = (
					"$(inherited)",
					"@executable_path/Frameworks",
				);
				MARKETING_VERSION = 1.0;
				PRODUCT_BUNDLE_IDENTIFIER = google.com.CatPic;
				PRODUCT_NAME = "$(TARGET_NAME)";
				SWIFT_EMIT_LOC_STRINGS = YES;
				SWIFT_VERSION = 5.0;
				TARGETED_DEVICE_FAMILY = "1,2";
			};
			name = Debug;
		};
		621DEC9D288A3CE000167C38 /* Release */ = {
			isa = XCBuildConfiguration;
			buildSettings = {
				ASSETCATALOG_COMPILER_APPICON_NAME = AppIcon;
				ASSETCATALOG_COMPILER_GLOBAL_ACCENT_COLOR_NAME = AccentColor;
				CODE_SIGN_STYLE = Automatic;
				CURRENT_PROJECT_VERSION = 1;
				DEVELOPMENT_ASSET_PATHS = "\"CatPic/Preview Content\"";
				ENABLE_PREVIEWS = YES;
				GENERATE_INFOPLIST_FILE = YES;
				INFOPLIST_KEY_UIApplicationSceneManifest_Generation = YES;
				INFOPLIST_KEY_UIApplicationSupportsIndirectInputEvents = YES;
				INFOPLIST_KEY_UILaunchScreen_Generation = YES;
				INFOPLIST_KEY_UISupportedInterfaceOrientations_iPad = "UIInterfaceOrientationPortrait UIInterfaceOrientationPortraitUpsideDown UIInterfaceOrientationLandscapeLeft UIInterfaceOrientationLandscapeRight";
				INFOPLIST_KEY_UISupportedInterfaceOrientations_iPhone = "UIInterfaceOrientationPortrait UIInterfaceOrientationLandscapeLeft UIInterfaceOrientationLandscapeRight";
				LD_RUNPATH_SEARCH_PATHS = (
					"$(inherited)",
					"@executable_path/Frameworks",
				);
				MARKETING_VERSION = 1.0;
				PRODUCT_BUNDLE_IDENTIFIER = google.com.CatPic;
				PRODUCT_NAME = "$(TARGET_NAME)";
				SWIFT_EMIT_LOC_STRINGS = YES;
				SWIFT_VERSION = 5.0;
				TARGETED_DEVICE_FAMILY = "1,2";
			};
			name = Release;
		};
		621DEC9F288A3CE000167C38 /* Debug */ = {
			isa = XCBuildConfiguration;
			buildSettings = {
				ALWAYS_EMBED_SWIFT_STANDARD_LIBRARIES = YES;
				BUNDLE_LOADER = "$(TEST_HOST)";
				CODE_SIGN_STYLE = Automatic;
				CURRENT_PROJECT_VERSION = 1;
				GENERATE_INFOPLIST_FILE = YES;
				IPHONEOS_DEPLOYMENT_TARGET = 15.0;
				LD_RUNPATH_SEARCH_PATHS = (
					"$(inherited)",
					"@executable_path/Frameworks",
					"@loader_path/Frameworks",
				);
				MARKETING_VERSION = 1.0;
				PRODUCT_BUNDLE_IDENTIFIER = google.com.CatPicTests;
				PRODUCT_NAME = "$(TARGET_NAME)";
				SWIFT_EMIT_LOC_STRINGS = NO;
				SWIFT_VERSION = 5.0;
				TARGETED_DEVICE_FAMILY = "1,2";
				TEST_HOST = "$(BUILT_PRODUCTS_DIR)/CatPic.app/CatPic";
			};
			name = Debug;
		};
		621DECA0288A3CE000167C38 /* Release */ = {
			isa = XCBuildConfiguration;
			buildSettings = {
				ALWAYS_EMBED_SWIFT_STANDARD_LIBRARIES = YES;
				BUNDLE_LOADER = "$(TEST_HOST)";
				CODE_SIGN_STYLE = Automatic;
				CURRENT_PROJECT_VERSION = 1;
				GENERATE_INFOPLIST_FILE = YES;
				IPHONEOS_DEPLOYMENT_TARGET = 15.0;
				LD_RUNPATH_SEARCH_PATHS = (
					"$(inherited)",
					"@executable_path/Frameworks",
					"@loader_path/Frameworks",
				);
				MARKETING_VERSION = 1.0;
				PRODUCT_BUNDLE_IDENTIFIER = google.com.CatPicTests;
				PRODUCT_NAME = "$(TARGET_NAME)";
				SWIFT_EMIT_LOC_STRINGS = NO;
				SWIFT_VERSION = 5.0;
				TARGETED_DEVICE_FAMILY = "1,2";
				TEST_HOST = "$(BUILT_PRODUCTS_DIR)/CatPic.app/CatPic";
			};
			name = Release;
		};
		621DECA2288A3CE000167C38 /* Debug */ = {
			isa = XCBuildConfiguration;
			buildSettings = {
				ALWAYS_EMBED_SWIFT_STANDARD_LIBRARIES = YES;
				CODE_SIGN_STYLE = Automatic;
				CURRENT_PROJECT_VERSION = 1;
				GENERATE_INFOPLIST_FILE = YES;
				LD_RUNPATH_SEARCH_PATHS = (
					"$(inherited)",
					"@executable_path/Frameworks",
					"@loader_path/Frameworks",
				);
				MARKETING_VERSION = 1.0;
				PRODUCT_BUNDLE_IDENTIFIER = google.com.CatPicUITests;
				PRODUCT_NAME = "$(TARGET_NAME)";
				SWIFT_EMIT_LOC_STRINGS = NO;
				SWIFT_VERSION = 5.0;
				TARGETED_DEVICE_FAMILY = "1,2";
				TEST_TARGET_NAME = CatPic;
			};
			name = Debug;
		};
		621DECA3288A3CE000167C38 /* Release */ = {
			isa = XCBuildConfiguration;
			buildSettings = {
				ALWAYS_EMBED_SWIFT_STANDARD_LIBRARIES = YES;
				CODE_SIGN_STYLE = Automatic;
				CURRENT_PROJECT_VERSION = 1;
				GENERATE_INFOPLIST_FILE = YES;
				LD_RUNPATH_SEARCH_PATHS = (
					"$(inherited)",
					"@executable_path/Frameworks",
					"@loader_path/Frameworks",
				);
				MARKETING_VERSION = 1.0;
				PRODUCT_BUNDLE_IDENTIFIER = google.com.CatPicUITests;
				PRODUCT_NAME = "$(TARGET_NAME)";
				SWIFT_EMIT_LOC_STRINGS = NO;
				SWIFT_VERSION = 5.0;
				TARGETED_DEVICE_FAMILY = "1,2";
				TEST_TARGET_NAME = CatPic;
			};
			name = Release;
		};
/* End XCBuildConfiguration section */

/* Begin XCConfigurationList section */
		621DEC72288A3CDF00167C38 /* Build configuration list for PBXProject "CatPic" */ = {
			isa = XCConfigurationList;
			buildConfigurations = (
				621DEC99288A3CE000167C38 /* Debug */,
				621DEC9A288A3CE000167C38 /* Release */,
			);
			defaultConfigurationIsVisible = 0;
			defaultConfigurationName = Release;
		};
		621DEC9B288A3CE000167C38 /* Build configuration list for PBXNativeTarget "CatPic" */ = {
			isa = XCConfigurationList;
			buildConfigurations = (
				621DEC9C288A3CE000167C38 /* Debug */,
				621DEC9D288A3CE000167C38 /* Release */,
			);
			defaultConfigurationIsVisible = 0;
			defaultConfigurationName = Release;
		};
		621DEC9E288A3CE000167C38 /* Build configuration list for PBXNativeTarget "CatPicTests" */ = {
			isa = XCConfigurationList;
			buildConfigurations = (
				621DEC9F288A3CE000167C38 /* Debug */,
				621DECA0288A3CE000167C38 /* Release */,
			);
			defaultConfigurationIsVisible = 0;
			defaultConfigurationName = Release;
		};
		621DECA1288A3CE000167C38 /* Build configuration list for PBXNativeTarget "CatPicUITests" */ = {
			isa = XCConfigurationList;
			buildConfigurations = (
				621DECA2288A3CE000167C38 /* Debug */,
				621DECA3288A3CE000167C38 /* Release */,
			);
			defaultConfigurationIsVisible = 0;
			defaultConfigurationName = Release;
		};
/* End XCConfigurationList section */

/* Begin XCRemoteSwiftPackageReference section */
		621DECA4288A413E00167C38 /* XCRemoteSwiftPackageReference "lottie-ios" */ = {
			isa = XCRemoteSwiftPackageReference;
			repositoryURL = "https://github.com/airbnb/lottie-ios";
			requirement = {
				kind = upToNextMajorVersion;
				minimumVersion = 3.0.0;
			};
		};
/* End XCRemoteSwiftPackageReference section */

/* Begin XCSwiftPackageProductDependency section */
		621DECA5288A413E00167C38 /* Lottie */ = {
			isa = XCSwiftPackageProductDependency;
			package = 621DECA4288A413E00167C38 /* XCRemoteSwiftPackageReference "lottie-ios" */;
			productName = Lottie;
		};
/* End XCSwiftPackageProductDependency section */
	};
	rootObject = 621DEC6F288A3CDF00167C38 /* Project object */;
}
